<?xml version="1.0" encoding="UTF-8" standalone="yes" ?>
<CodeBlocks_project_file>
	<FileVersion major="1" minor="6" />
	<Project>
		<Option title="Guidebotupper" />
		<Option pch_mode="2" />
		<Option compiler="gcc" />
		<Build>
			<Target title="Debug">
				<Option output="bin/Debug/Guidebotupper" prefix_auto="1" extension_auto="1" />
				<Option object_output="obj/Debug/" />
				<Option type="1" />
				<Option compiler="gcc" />
				<Compiler>
					<Add option="-g" />
				</Compiler>
			</Target>
			<Target title="Release">
				<Option output="bin/Release/Guidebotupper" prefix_auto="1" extension_auto="1" />
				<Option object_output="obj/Release/" />
				<Option type="1" />
				<Option compiler="gcc" />
				<Compiler>
					<Add option="-O2" />
				</Compiler>
				<Linker>
					<Add option="-s" />
				</Linker>
			</Target>
		</Build>
		<Compiler>
			<Add option="-Wall" />
			<Add option="-fexceptions" />
		</Compiler>
		<Linker>
			<Add library="pthread" />
			<Add library="Festival" />
			<Add library="estools" />
			<Add library="estbase" />
			<Add library="eststring" />
		</Linker>
		<Unit filename="gestures.cpp" />
		<Unit filename="gestures.h" />
		<Unit filename="main.cpp" />
		<Unit filename="readfile.cpp" />
		<Unit filename="readfile.h" />
		<Unit filename="servo.cpp" />
		<Unit filename="servo.h" />
		<Unit filename="speech.cpp" />
		<Unit filename="speech.h" />
		<Extensions>
			<code_completion />
			<debugger />
		</Extensions>
	</Project>
</CodeBlocks_project_file>
